
Microsoft Visual Studio Solution File, Format Version 12.00
# Visual Studio Version 16
VisualStudioVersion = 16.0.30523.141
MinimumVisualStudioVersion = 10.0.40219.1
Project("{FAE04EC0-301F-11D3-BF4B-00C04F79EFBC}") = "Git", "Git\Git.csproj", "{01614551-5BD4-43C6-9712-DA045492D489}"
EndProject
Global
	GlobalSection(SolutionConfigurationPlatforms) = preSolution
		Debug|Any CPU = Debug|Any CPU
		Release|Any CPU = Release|Any CPU
	EndGlobalSection
	GlobalSection(ProjectConfigurationPlatforms) = postSolution
		{01614551-5BD4-43C6-9712-DA045492D489}.Debug|Any CPU.ActiveCfg = Debug|Any CPU
		{01614551-5BD4-43C6-9712-DA045492D489}.Debug|Any CPU.Build.0 = Debug|Any CPU
		{01614551-5BD4-43C6-9712-DA045492D489}.Release|Any CPU.ActiveCfg = Release|Any CPU
		{01614551-5BD4-43C6-9712-DA045492D489}.Release|Any CPU.Build.0 = Release|Any CPU
	EndGlobalSection
	GlobalSection(SolutionProperties) = preSolution
		HideSolutionNode = FALSE
	EndGlobalSection
	GlobalSection(ExtensibilityGlobals) = postSolution
		SolutionGuid = {F05BB8B4-2BE7-4EA7-8932-0D91435BC8DB}
	EndGlobalSection
EndGlobal
